
Microsoft Visual Studio Solution File, Format Version 12.00
# Visual Studio Version 16
VisualStudioVersion = 25.0.1705.6
MinimumVisualStudioVersion = 10.0.40219.1
Project("{FAE04EC0-301F-11D3-BF4B-00C04F79EFBC}") = "Yein_A1", "Yein_A1\Yein_A1.csproj", "{4095A82D-027A-4408-BA3E-47C5CDF1D1AC}"
EndProject
Global
	GlobalSection(SolutionConfigurationPlatforms) = preSolution
		Debug|Any CPU = Debug|Any CPU
		Release|Any CPU = Release|Any CPU
	EndGlobalSection
	GlobalSection(ProjectConfigurationPlatforms) = postSolution
		{4095A82D-027A-4408-BA3E-47C5CDF1D1AC}.Debug|Any CPU.ActiveCfg = Debug|Any CPU
		{4095A82D-027A-4408-BA3E-47C5CDF1D1AC}.Debug|Any CPU.Build.0 = Debug|Any CPU
		{4095A82D-027A-4408-BA3E-47C5CDF1D1AC}.Release|Any CPU.ActiveCfg = Release|Any CPU
		{4095A82D-027A-4408-BA3E-47C5CDF1D1AC}.Release|Any CPU.Build.0 = Release|Any CPU
	EndGlobalSection
	GlobalSection(SolutionProperties) = preSolution
		HideSolutionNode = FALSE
	EndGlobalSection
	GlobalSection(ExtensibilityGlobals) = postSolution
		SolutionGuid = {868E326F-DBE7-4906-B0FA-F26ACD2D83DE}
	EndGlobalSection
EndGlobal
